
Microsoft Visual Studio Solution File, Format Version 12.00
# Visual Studio Version 17
VisualStudioVersion = 17.3.32901.215
MinimumVisualStudioVersion = 10.0.40219.1
Project("{9A19103F-16F7-4668-BE54-9A1E7A4F7556}") = "ThreeDimensionalControls", "ThreeDimensionalControls\ThreeDimensionalControls.csproj", "{EE408404-97E2-4ECC-A46C-83D83D952156}"
EndProject
Project("{9A19103F-16F7-4668-BE54-9A1E7A4F7556}") = "ThreeDimensionalControlsTests", "ThreeDimensionalControlsTests\ThreeDimensionalControlsTests.csproj", "{65232C72-38B6-4F8B-AD69-6B8B0E14466C}"
	ProjectSection(ProjectDependencies) = postProject
		{EE408404-97E2-4ECC-A46C-83D83D952156} = {EE408404-97E2-4ECC-A46C-83D83D952156}
	EndProjectSection
EndProject
Global
	GlobalSection(SolutionConfigurationPlatforms) = preSolution
		Debug|Any CPU = Debug|Any CPU
		Release|Any CPU = Release|Any CPU
	EndGlobalSection
	GlobalSection(ProjectConfigurationPlatforms) = postSolution
		{EE408404-97E2-4ECC-A46C-83D83D952156}.Debug|Any CPU.ActiveCfg = Debug|Any CPU
		{EE408404-97E2-4ECC-A46C-83D83D952156}.Debug|Any CPU.Build.0 = Debug|Any CPU
		{EE408404-97E2-4ECC-A46C-83D83D952156}.Release|Any CPU.ActiveCfg = Release|Any CPU
		{EE408404-97E2-4ECC-A46C-83D83D952156}.Release|Any CPU.Build.0 = Release|Any CPU
		{65232C72-38B6-4F8B-AD69-6B8B0E14466C}.Debug|Any CPU.ActiveCfg = Debug|Any CPU
		{65232C72-38B6-4F8B-AD69-6B8B0E14466C}.Debug|Any CPU.Build.0 = Debug|Any CPU
		{65232C72-38B6-4F8B-AD69-6B8B0E14466C}.Release|Any CPU.ActiveCfg = Release|Any CPU
		{65232C72-38B6-4F8B-AD69-6B8B0E14466C}.Release|Any CPU.Build.0 = Release|Any CPU
	EndGlobalSection
	GlobalSection(SolutionProperties) = preSolution
		HideSolutionNode = FALSE
	EndGlobalSection
	GlobalSection(ExtensibilityGlobals) = postSolution
		SolutionGuid = {03326C77-2DCB-43B0-A5CF-A3B24606D0A8}
	EndGlobalSection
EndGlobal
